
Microsoft Visual Studio Solution File, Format Version 12.00
# Visual Studio Version 16
VisualStudioVersion = 16.0.31613.86
MinimumVisualStudioVersion = 10.0.40219.1
Project("{9A19103F-16F7-4668-BE54-9A1E7A4F7556}") = "Bai1", "Bai1\Bai1.csproj", "{286096BD-80B4-42CA-A2E0-678119DAD94D}"
EndProject
Project("{9A19103F-16F7-4668-BE54-9A1E7A4F7556}") = "Bai2", "Bai2\Bai2.csproj", "{329D501D-18FE-4EBE-889D-37D6E6F2D078}"
EndProject
Project("{9A19103F-16F7-4668-BE54-9A1E7A4F7556}") = "Bai3", "Bai3\Bai3.csproj", "{0D19DAF9-C9B5-4CE7-9450-28F8AA340FE7}"
EndProject
Project("{FAE04EC0-301F-11D3-BF4B-00C04F79EFBC}") = "Bai4", "Bai4\Bai4.csproj", "{5219C72F-6916-4C38-AE32-1CFBF2ED6B01}"
EndProject
Project("{FAE04EC0-301F-11D3-BF4B-00C04F79EFBC}") = "Bai5", "Bai5\Bai5.csproj", "{6913B25D-F26C-4CC3-82CF-E4598AD483E2}"
EndProject
Project("{FAE04EC0-301F-11D3-BF4B-00C04F79EFBC}") = "Bai6", "Bai6\Bai6.csproj", "{9A70AE69-55D5-418F-9611-EBC577F12629}"
EndProject
Project("{FAE04EC0-301F-11D3-BF4B-00C04F79EFBC}") = "Bai7", "Bai7\Bai7.csproj", "{BF332D7D-EF0C-4134-9E1F-1ED40FEAE6A3}"
EndProject
Project("{FAE04EC0-301F-11D3-BF4B-00C04F79EFBC}") = "Bai8", "Bai8\Bai8.csproj", "{58B13B7C-720C-49EE-8E50-CBB575E27E2B}"
EndProject
Project("{FAE04EC0-301F-11D3-BF4B-00C04F79EFBC}") = "Bai9", "Bai9\Bai9.csproj", "{EAA09ECA-0B2D-485F-AD92-128AC03E908E}"
EndProject
Global
	GlobalSection(SolutionConfigurationPlatforms) = preSolution
		Debug|Any CPU = Debug|Any CPU
		Release|Any CPU = Release|Any CPU
	EndGlobalSection
	GlobalSection(ProjectConfigurationPlatforms) = postSolution
		{286096BD-80B4-42CA-A2E0-678119DAD94D}.Debug|Any CPU.ActiveCfg = Debug|Any CPU
		{286096BD-80B4-42CA-A2E0-678119DAD94D}.Debug|Any CPU.Build.0 = Debug|Any CPU
		{286096BD-80B4-42CA-A2E0-678119DAD94D}.Release|Any CPU.ActiveCfg = Release|Any CPU
		{286096BD-80B4-42CA-A2E0-678119DAD94D}.Release|Any CPU.Build.0 = Release|Any CPU
		{329D501D-18FE-4EBE-889D-37D6E6F2D078}.Debug|Any CPU.ActiveCfg = Debug|Any CPU
		{329D501D-18FE-4EBE-889D-37D6E6F2D078}.Debug|Any CPU.Build.0 = Debug|Any CPU
		{329D501D-18FE-4EBE-889D-37D6E6F2D078}.Release|Any CPU.ActiveCfg = Release|Any CPU
		{329D501D-18FE-4EBE-889D-37D6E6F2D078}.Release|Any CPU.Build.0 = Release|Any CPU
		{0D19DAF9-C9B5-4CE7-9450-28F8AA340FE7}.Debug|Any CPU.ActiveCfg = Debug|Any CPU
		{0D19DAF9-C9B5-4CE7-9450-28F8AA340FE7}.Debug|Any CPU.Build.0 = Debug|Any CPU
		{0D19DAF9-C9B5-4CE7-9450-28F8AA340FE7}.Release|Any CPU.ActiveCfg = Release|Any CPU
		{0D19DAF9-C9B5-4CE7-9450-28F8AA340FE7}.Release|Any CPU.Build.0 = Release|Any CPU
		{5219C72F-6916-4C38-AE32-1CFBF2ED6B01}.Debug|Any CPU.ActiveCfg = Debug|Any CPU
		{5219C72F-6916-4C38-AE32-1CFBF2ED6B01}.Debug|Any CPU.Build.0 = Debug|Any CPU
		{5219C72F-6916-4C38-AE32-1CFBF2ED6B01}.Release|Any CPU.ActiveCfg = Release|Any CPU
		{5219C72F-6916-4C38-AE32-1CFBF2ED6B01}.Release|Any CPU.Build.0 = Release|Any CPU
		{6913B25D-F26C-4CC3-82CF-E4598AD483E2}.Debug|Any CPU.ActiveCfg = Debug|Any CPU
		{6913B25D-F26C-4CC3-82CF-E4598AD483E2}.Debug|Any CPU.Build.0 = Debug|Any CPU
		{6913B25D-F26C-4CC3-82CF-E4598AD483E2}.Release|Any CPU.ActiveCfg = Release|Any CPU
		{6913B25D-F26C-4CC3-82CF-E4598AD483E2}.Release|Any CPU.Build.0 = Release|Any CPU
		{9A70AE69-55D5-418F-9611-EBC577F12629}.Debug|Any CPU.ActiveCfg = Debug|Any CPU
		{9A70AE69-55D5-418F-9611-EBC577F12629}.Debug|Any CPU.Build.0 = Debug|Any CPU
		{9A70AE69-55D5-418F-9611-EBC577F12629}.Release|Any CPU.ActiveCfg = Release|Any CPU
		{9A70AE69-55D5-418F-9611-EBC577F12629}.Release|Any CPU.Build.0 = Release|Any CPU
		{BF332D7D-EF0C-4134-9E1F-1ED40FEAE6A3}.Debug|Any CPU.ActiveCfg = Debug|Any CPU
		{BF332D7D-EF0C-4134-9E1F-1ED40FEAE6A3}.Debug|Any CPU.Build.0 = Debug|Any CPU
		{BF332D7D-EF0C-4134-9E1F-1ED40FEAE6A3}.Release|Any CPU.ActiveCfg = Release|Any CPU
		{BF332D7D-EF0C-4134-9E1F-1ED40FEAE6A3}.Release|Any CPU.Build.0 = Release|Any CPU
		{58B13B7C-720C-49EE-8E50-CBB575E27E2B}.Debug|Any CPU.ActiveCfg = Debug|Any CPU
		{58B13B7C-720C-49EE-8E50-CBB575E27E2B}.Debug|Any CPU.Build.0 = Debug|Any CPU
		{58B13B7C-720C-49EE-8E50-CBB575E27E2B}.Release|Any CPU.ActiveCfg = Release|Any CPU
		{58B13B7C-720C-49EE-8E50-CBB575E27E2B}.Release|Any CPU.Build.0 = Release|Any CPU
		{EAA09ECA-0B2D-485F-AD92-128AC03E908E}.Debug|Any CPU.ActiveCfg = Debug|Any CPU
		{EAA09ECA-0B2D-485F-AD92-128AC03E908E}.Debug|Any CPU.Build.0 = Debug|Any CPU
		{EAA09ECA-0B2D-485F-AD92-128AC03E908E}.Release|Any CPU.ActiveCfg = Release|Any CPU
		{EAA09ECA-0B2D-485F-AD92-128AC03E908E}.Release|Any CPU.Build.0 = Release|Any CPU
	EndGlobalSection
	GlobalSection(SolutionProperties) = preSolution
		HideSolutionNode = FALSE
	EndGlobalSection
	GlobalSection(ExtensibilityGlobals) = postSolution
		SolutionGuid = {6120847B-2862-4D01-B40A-9CD11B31D763}
	EndGlobalSection
EndGlobal
